
Microsoft Visual Studio Solution File, Format Version 12.00
# Visual Studio Version 16
VisualStudioVersion = 16.0.36128.20
MinimumVisualStudioVersion = 10.0.40219.1
Project("{FAE04EC0-301F-11D3-BF4B-00C04F79EFBC}") = "CodeChallenge_6", "CodeChallenge_6\CodeChallenge_6.csproj", "{0340A376-400C-4797-B0BF-32EE88E18935}"
EndProject
Global
	GlobalSection(SolutionConfigurationPlatforms) = preSolution
		Debug|Any CPU = Debug|Any CPU
		Release|Any CPU = Release|Any CPU
	EndGlobalSection
	GlobalSection(ProjectConfigurationPlatforms) = postSolution
		{0340A376-400C-4797-B0BF-32EE88E18935}.Debug|Any CPU.ActiveCfg = Debug|Any CPU
		{0340A376-400C-4797-B0BF-32EE88E18935}.Debug|Any CPU.Build.0 = Debug|Any CPU
		{0340A376-400C-4797-B0BF-32EE88E18935}.Release|Any CPU.ActiveCfg = Release|Any CPU
		{0340A376-400C-4797-B0BF-32EE88E18935}.Release|Any CPU.Build.0 = Release|Any CPU
	EndGlobalSection
	GlobalSection(SolutionProperties) = preSolution
		HideSolutionNode = FALSE
	EndGlobalSection
	GlobalSection(ExtensibilityGlobals) = postSolution
		SolutionGuid = {26916A92-B24D-4155-B86E-FD55E1DEF0FA}
	EndGlobalSection
EndGlobal
