
Microsoft Visual Studio Solution File, Format Version 12.00
# Visual Studio Version 16
VisualStudioVersion = 16.0.36128.20
MinimumVisualStudioVersion = 10.0.40219.1
Project("{FAE04EC0-301F-11D3-BF4B-00C04F79EFBC}") = "WebTech_Assignment-2", "WebTech_Assignment-2\WebTech_Assignment-2.csproj", "{AAAF5213-B2AD-46EE-B7C2-3FE974B27BEB}"
EndProject
Global
	GlobalSection(SolutionConfigurationPlatforms) = preSolution
		Debug|Any CPU = Debug|Any CPU
		Release|Any CPU = Release|Any CPU
	EndGlobalSection
	GlobalSection(ProjectConfigurationPlatforms) = postSolution
		{AAAF5213-B2AD-46EE-B7C2-3FE974B27BEB}.Debug|Any CPU.ActiveCfg = Debug|Any CPU
		{AAAF5213-B2AD-46EE-B7C2-3FE974B27BEB}.Debug|Any CPU.Build.0 = Debug|Any CPU
		{AAAF5213-B2AD-46EE-B7C2-3FE974B27BEB}.Release|Any CPU.ActiveCfg = Release|Any CPU
		{AAAF5213-B2AD-46EE-B7C2-3FE974B27BEB}.Release|Any CPU.Build.0 = Release|Any CPU
	EndGlobalSection
	GlobalSection(SolutionProperties) = preSolution
		HideSolutionNode = FALSE
	EndGlobalSection
	GlobalSection(ExtensibilityGlobals) = postSolution
		SolutionGuid = {E2622A59-8ED3-436C-95FB-38338B609FBB}
	EndGlobalSection
EndGlobal
