
Microsoft Visual Studio Solution File, Format Version 12.00
# Visual Studio Version 16
VisualStudioVersion = 16.0.36128.20
MinimumVisualStudioVersion = 10.0.40219.1
Project("{FAE04EC0-301F-11D3-BF4B-00C04F79EFBC}") = "WebApplications", "WebApplications\WebApplications.csproj", "{D797FCD9-C05D-41F1-8712-A23BE8BBB337}"
EndProject
Global
	GlobalSection(SolutionConfigurationPlatforms) = preSolution
		Debug|Any CPU = Debug|Any CPU
		Release|Any CPU = Release|Any CPU
	EndGlobalSection
	GlobalSection(ProjectConfigurationPlatforms) = postSolution
		{D797FCD9-C05D-41F1-8712-A23BE8BBB337}.Debug|Any CPU.ActiveCfg = Debug|Any CPU
		{D797FCD9-C05D-41F1-8712-A23BE8BBB337}.Debug|Any CPU.Build.0 = Debug|Any CPU
		{D797FCD9-C05D-41F1-8712-A23BE8BBB337}.Release|Any CPU.ActiveCfg = Release|Any CPU
		{D797FCD9-C05D-41F1-8712-A23BE8BBB337}.Release|Any CPU.Build.0 = Release|Any CPU
	EndGlobalSection
	GlobalSection(SolutionProperties) = preSolution
		HideSolutionNode = FALSE
	EndGlobalSection
	GlobalSection(ExtensibilityGlobals) = postSolution
		SolutionGuid = {0EC03CA3-F5A3-4A31-89DE-797FE4FC5B65}
	EndGlobalSection
EndGlobal
