
Microsoft Visual Studio Solution File, Format Version 12.00
# Visual Studio Version 16
VisualStudioVersion = 16.0.36128.20
MinimumVisualStudioVersion = 10.0.40219.1
Project("{FAE04EC0-301F-11D3-BF4B-00C04F79EFBC}") = "FirstProj_Dotnet", "FirstProj_Dotnet\FirstProj_Dotnet.csproj", "{5CE7CE16-0A46-4DC3-AEC4-38EA9FF32B46}"
EndProject
Global
	GlobalSection(SolutionConfigurationPlatforms) = preSolution
		Debug|Any CPU = Debug|Any CPU
		Release|Any CPU = Release|Any CPU
	EndGlobalSection
	GlobalSection(ProjectConfigurationPlatforms) = postSolution
		{5CE7CE16-0A46-4DC3-AEC4-38EA9FF32B46}.Debug|Any CPU.ActiveCfg = Debug|Any CPU
		{5CE7CE16-0A46-4DC3-AEC4-38EA9FF32B46}.Debug|Any CPU.Build.0 = Debug|Any CPU
		{5CE7CE16-0A46-4DC3-AEC4-38EA9FF32B46}.Release|Any CPU.ActiveCfg = Release|Any CPU
		{5CE7CE16-0A46-4DC3-AEC4-38EA9FF32B46}.Release|Any CPU.Build.0 = Release|Any CPU
	EndGlobalSection
	GlobalSection(SolutionProperties) = preSolution
		HideSolutionNode = FALSE
	EndGlobalSection
	GlobalSection(ExtensibilityGlobals) = postSolution
		SolutionGuid = {1D275193-7FE7-4B18-B021-DFE89153ECD1}
	EndGlobalSection
EndGlobal
