
Microsoft Visual Studio Solution File, Format Version 12.00
# Visual Studio Version 16
VisualStudioVersion = 16.0.36128.20
MinimumVisualStudioVersion = 10.0.40219.1
Project("{FAE04EC0-301F-11D3-BF4B-00C04F79EFBC}") = "MVC_Assignment_1", "MVC_Assignment_1\MVC_Assignment_1.csproj", "{6396FFE6-87A9-4E92-94CC-B8F6DD37672C}"
EndProject
Global
	GlobalSection(SolutionConfigurationPlatforms) = preSolution
		Debug|Any CPU = Debug|Any CPU
		Release|Any CPU = Release|Any CPU
	EndGlobalSection
	GlobalSection(ProjectConfigurationPlatforms) = postSolution
		{6396FFE6-87A9-4E92-94CC-B8F6DD37672C}.Debug|Any CPU.ActiveCfg = Debug|Any CPU
		{6396FFE6-87A9-4E92-94CC-B8F6DD37672C}.Debug|Any CPU.Build.0 = Debug|Any CPU
		{6396FFE6-87A9-4E92-94CC-B8F6DD37672C}.Release|Any CPU.ActiveCfg = Release|Any CPU
		{6396FFE6-87A9-4E92-94CC-B8F6DD37672C}.Release|Any CPU.Build.0 = Release|Any CPU
	EndGlobalSection
	GlobalSection(SolutionProperties) = preSolution
		HideSolutionNode = FALSE
	EndGlobalSection
	GlobalSection(ExtensibilityGlobals) = postSolution
		SolutionGuid = {2725E77C-C653-4FE1-A206-7AF866C384AA}
	EndGlobalSection
EndGlobal
