
Microsoft Visual Studio Solution File, Format Version 12.00
# Visual Studio Version 16
VisualStudioVersion = 16.0.36128.20
MinimumVisualStudioVersion = 10.0.40219.1
Project("{FAE04EC0-301F-11D3-BF4B-00C04F79EFBC}") = "CodeChallenge_3", "CodeChallenge_3\CodeChallenge_3.csproj", "{C0D8A573-2341-4CF0-8BC6-7730BCFB9120}"
EndProject
Global
	GlobalSection(SolutionConfigurationPlatforms) = preSolution
		Debug|Any CPU = Debug|Any CPU
		Release|Any CPU = Release|Any CPU
	EndGlobalSection
	GlobalSection(ProjectConfigurationPlatforms) = postSolution
		{C0D8A573-2341-4CF0-8BC6-7730BCFB9120}.Debug|Any CPU.ActiveCfg = Debug|Any CPU
		{C0D8A573-2341-4CF0-8BC6-7730BCFB9120}.Debug|Any CPU.Build.0 = Debug|Any CPU
		{C0D8A573-2341-4CF0-8BC6-7730BCFB9120}.Release|Any CPU.ActiveCfg = Release|Any CPU
		{C0D8A573-2341-4CF0-8BC6-7730BCFB9120}.Release|Any CPU.Build.0 = Release|Any CPU
	EndGlobalSection
	GlobalSection(SolutionProperties) = preSolution
		HideSolutionNode = FALSE
	EndGlobalSection
	GlobalSection(ExtensibilityGlobals) = postSolution
		SolutionGuid = {AF458ECD-CF54-4C09-991A-F5CB63F4FF35}
	EndGlobalSection
EndGlobal
