
Microsoft Visual Studio Solution File, Format Version 12.00
# Visual Studio Version 16
VisualStudioVersion = 16.0.36128.20
MinimumVisualStudioVersion = 10.0.40219.1
Project("{FAE04EC0-301F-11D3-BF4B-00C04F79EFBC}") = "CC9_Question2", "CC9_Question2\CC9_Question2.csproj", "{19CA55AF-DF1C-47BF-B42E-BC895B728B7C}"
EndProject
Global
	GlobalSection(SolutionConfigurationPlatforms) = preSolution
		Debug|Any CPU = Debug|Any CPU
		Release|Any CPU = Release|Any CPU
	EndGlobalSection
	GlobalSection(ProjectConfigurationPlatforms) = postSolution
		{19CA55AF-DF1C-47BF-B42E-BC895B728B7C}.Debug|Any CPU.ActiveCfg = Debug|Any CPU
		{19CA55AF-DF1C-47BF-B42E-BC895B728B7C}.Debug|Any CPU.Build.0 = Debug|Any CPU
		{19CA55AF-DF1C-47BF-B42E-BC895B728B7C}.Release|Any CPU.ActiveCfg = Release|Any CPU
		{19CA55AF-DF1C-47BF-B42E-BC895B728B7C}.Release|Any CPU.Build.0 = Release|Any CPU
	EndGlobalSection
	GlobalSection(SolutionProperties) = preSolution
		HideSolutionNode = FALSE
	EndGlobalSection
	GlobalSection(ExtensibilityGlobals) = postSolution
		SolutionGuid = {7E6210A6-CD75-4B85-A43F-32D5C665BFBD}
	EndGlobalSection
EndGlobal
