
Microsoft Visual Studio Solution File, Format Version 12.00
# Visual Studio Version 16
VisualStudioVersion = 16.0.36128.20
MinimumVisualStudioVersion = 10.0.40219.1
Project("{FAE04EC0-301F-11D3-BF4B-00C04F79EFBC}") = "CC9_Question2", "CC9_Question2\CC9_Question2.csproj", "{BE9DB215-E285-4594-BA5C-3F48AD3FB0E9}"
EndProject
Global
	GlobalSection(SolutionConfigurationPlatforms) = preSolution
		Debug|Any CPU = Debug|Any CPU
		Release|Any CPU = Release|Any CPU
	EndGlobalSection
	GlobalSection(ProjectConfigurationPlatforms) = postSolution
		{BE9DB215-E285-4594-BA5C-3F48AD3FB0E9}.Debug|Any CPU.ActiveCfg = Debug|Any CPU
		{BE9DB215-E285-4594-BA5C-3F48AD3FB0E9}.Debug|Any CPU.Build.0 = Debug|Any CPU
		{BE9DB215-E285-4594-BA5C-3F48AD3FB0E9}.Release|Any CPU.ActiveCfg = Release|Any CPU
		{BE9DB215-E285-4594-BA5C-3F48AD3FB0E9}.Release|Any CPU.Build.0 = Release|Any CPU
	EndGlobalSection
	GlobalSection(SolutionProperties) = preSolution
		HideSolutionNode = FALSE
	EndGlobalSection
	GlobalSection(ExtensibilityGlobals) = postSolution
		SolutionGuid = {3065DDA2-2F1E-4AF1-B096-FC7509C9ABFD}
	EndGlobalSection
EndGlobal
